
Microsoft Visual Studio Solution File, Format Version 12.00
# Visual Studio 15
VisualStudioVersion = 15.0.26823.1
MinimumVisualStudioVersion = 10.0.40219.1
Project("{888888A0-9F3D-457C-B088-3A5042F75D52}") = "Naive Bay", "PythonApplication1\Naive Bay.pyproj", "{257B903F-0D0D-467B-BDFD-6564CAB76258}"
EndProject
Global
	GlobalSection(SolutionConfigurationPlatforms) = preSolution
		Debug|Any CPU = Debug|Any CPU
		Release|Any CPU = Release|Any CPU
	EndGlobalSection
	GlobalSection(ProjectConfigurationPlatforms) = postSolution
		{257B903F-0D0D-467B-BDFD-6564CAB76258}.Debug|Any CPU.ActiveCfg = Debug|Any CPU
		{257B903F-0D0D-467B-BDFD-6564CAB76258}.Release|Any CPU.ActiveCfg = Release|Any CPU
	EndGlobalSection
	GlobalSection(SolutionProperties) = preSolution
		HideSolutionNode = FALSE
	EndGlobalSection
	GlobalSection(ExtensibilityGlobals) = postSolution
		SolutionGuid = {C68E293B-98EA-4076-82C6-DFE5C3AD0DAC}
	EndGlobalSection
EndGlobal
